
Microsoft Visual Studio Solution File, Format Version 12.00
# Visual Studio Version 16
VisualStudioVersion = 16.0.31402.337
MinimumVisualStudioVersion = 10.0.40219.1
Project("{FAE04EC0-301F-11D3-BF4B-00C04F79EFBC}") = "Cats", "Cats\Cats.csproj", "{974B149B-2814-4674-98C6-6666AEDC5CFC}"
EndProject
Global
	GlobalSection(SolutionConfigurationPlatforms) = preSolution
		Debug|Any CPU = Debug|Any CPU
		Release|Any CPU = Release|Any CPU
	EndGlobalSection
	GlobalSection(ProjectConfigurationPlatforms) = postSolution
		{974B149B-2814-4674-98C6-6666AEDC5CFC}.Debug|Any CPU.ActiveCfg = Debug|Any CPU
		{974B149B-2814-4674-98C6-6666AEDC5CFC}.Debug|Any CPU.Build.0 = Debug|Any CPU
		{974B149B-2814-4674-98C6-6666AEDC5CFC}.Release|Any CPU.ActiveCfg = Release|Any CPU
		{974B149B-2814-4674-98C6-6666AEDC5CFC}.Release|Any CPU.Build.0 = Release|Any CPU
	EndGlobalSection
	GlobalSection(SolutionProperties) = preSolution
		HideSolutionNode = FALSE
	EndGlobalSection
	GlobalSection(ExtensibilityGlobals) = postSolution
		SolutionGuid = {3F093C3D-EE40-4D43-B8A1-A3E9FE840407}
	EndGlobalSection
EndGlobal
